
Microsoft Visual Studio Solution File, Format Version 12.00
# Visual Studio 14
VisualStudioVersion = 14.0.24720.0
MinimumVisualStudioVersion = 10.0.40219.1
Project("{FAE04EC0-301F-11D3-BF4B-00C04F79EFBC}") = "NServiceBus.ServiceFabric.Sample.Server", "NServiceBus.ServiceFabric.Sample.Server\NServiceBus.ServiceFabric.Sample.Server.csproj", "{C95367A9-64AB-4FB3-96EC-EFAAD0DFE7CF}"
EndProject
Project("{FAE04EC0-301F-11D3-BF4B-00C04F79EFBC}") = "NServiceBus.ServiceFabric.Sample.Client", "NServiceBus.ServiceFabric.Sample.Client\NServiceBus.ServiceFabric.Sample.Client.csproj", "{3E55D117-65BF-4BCB-A80C-58061804B046}"
EndProject
Project("{FAE04EC0-301F-11D3-BF4B-00C04F79EFBC}") = "NServiceBus.ServiceFabric.Sample.Messages", "NServiceBus.ServiceFabric.Sample.Messages\NServiceBus.ServiceFabric.Sample.Messages.csproj", "{C880A550-07E1-4DE4-9E75-6229EEB49429}"
EndProject
Project("{A07B5EB6-E848-4116-A8D0-A826331D98C6}") = "NServiceBus._.ServiceFabric.Sample.Application2", "NServiceBus..ServiceFabric.Sample.Application2\NServiceBus._.ServiceFabric.Sample.Application2.sfproj", "{B455B61F-80FF-4481-A3BC-F2F8009B4154}"
EndProject
Global
	GlobalSection(SolutionConfigurationPlatforms) = preSolution
		Debug|Any CPU = Debug|Any CPU
		Debug|x64 = Debug|x64
		Release|Any CPU = Release|Any CPU
		Release|x64 = Release|x64
	EndGlobalSection
	GlobalSection(ProjectConfigurationPlatforms) = postSolution
		{C95367A9-64AB-4FB3-96EC-EFAAD0DFE7CF}.Debug|Any CPU.ActiveCfg = Debug|x64
		{C95367A9-64AB-4FB3-96EC-EFAAD0DFE7CF}.Debug|x64.ActiveCfg = Debug|x64
		{C95367A9-64AB-4FB3-96EC-EFAAD0DFE7CF}.Debug|x64.Build.0 = Debug|x64
		{C95367A9-64AB-4FB3-96EC-EFAAD0DFE7CF}.Release|Any CPU.ActiveCfg = Release|x64
		{C95367A9-64AB-4FB3-96EC-EFAAD0DFE7CF}.Release|x64.ActiveCfg = Release|x64
		{C95367A9-64AB-4FB3-96EC-EFAAD0DFE7CF}.Release|x64.Build.0 = Release|x64
		{3E55D117-65BF-4BCB-A80C-58061804B046}.Debug|Any CPU.ActiveCfg = Debug|Any CPU
		{3E55D117-65BF-4BCB-A80C-58061804B046}.Debug|Any CPU.Build.0 = Debug|Any CPU
		{3E55D117-65BF-4BCB-A80C-58061804B046}.Debug|x64.ActiveCfg = Debug|Any CPU
		{3E55D117-65BF-4BCB-A80C-58061804B046}.Debug|x64.Build.0 = Debug|Any CPU
		{3E55D117-65BF-4BCB-A80C-58061804B046}.Release|Any CPU.ActiveCfg = Release|Any CPU
		{3E55D117-65BF-4BCB-A80C-58061804B046}.Release|Any CPU.Build.0 = Release|Any CPU
		{3E55D117-65BF-4BCB-A80C-58061804B046}.Release|x64.ActiveCfg = Release|Any CPU
		{3E55D117-65BF-4BCB-A80C-58061804B046}.Release|x64.Build.0 = Release|Any CPU
		{C880A550-07E1-4DE4-9E75-6229EEB49429}.Debug|Any CPU.ActiveCfg = Debug|Any CPU
		{C880A550-07E1-4DE4-9E75-6229EEB49429}.Debug|Any CPU.Build.0 = Debug|Any CPU
		{C880A550-07E1-4DE4-9E75-6229EEB49429}.Debug|x64.ActiveCfg = Debug|Any CPU
		{C880A550-07E1-4DE4-9E75-6229EEB49429}.Debug|x64.Build.0 = Debug|Any CPU
		{C880A550-07E1-4DE4-9E75-6229EEB49429}.Release|Any CPU.ActiveCfg = Release|Any CPU
		{C880A550-07E1-4DE4-9E75-6229EEB49429}.Release|Any CPU.Build.0 = Release|Any CPU
		{C880A550-07E1-4DE4-9E75-6229EEB49429}.Release|x64.ActiveCfg = Release|Any CPU
		{C880A550-07E1-4DE4-9E75-6229EEB49429}.Release|x64.Build.0 = Release|Any CPU
		{B455B61F-80FF-4481-A3BC-F2F8009B4154}.Debug|Any CPU.ActiveCfg = Debug|x64
		{B455B61F-80FF-4481-A3BC-F2F8009B4154}.Debug|x64.ActiveCfg = Debug|x64
		{B455B61F-80FF-4481-A3BC-F2F8009B4154}.Debug|x64.Build.0 = Debug|x64
		{B455B61F-80FF-4481-A3BC-F2F8009B4154}.Debug|x64.Deploy.0 = Debug|x64
		{B455B61F-80FF-4481-A3BC-F2F8009B4154}.Release|Any CPU.ActiveCfg = Release|x64
		{B455B61F-80FF-4481-A3BC-F2F8009B4154}.Release|x64.ActiveCfg = Release|x64
		{B455B61F-80FF-4481-A3BC-F2F8009B4154}.Release|x64.Build.0 = Release|x64
		{B455B61F-80FF-4481-A3BC-F2F8009B4154}.Release|x64.Deploy.0 = Release|x64
	EndGlobalSection
	GlobalSection(SolutionProperties) = preSolution
		HideSolutionNode = FALSE
	EndGlobalSection
EndGlobal
